// !$*UTF8*$!
{
	archiveVersion = 1;
	classes = {
	};
	objectVersion = 77;
	objects = {

/* Begin PBXBuildFile section */
		09F259BA2E4F28F80038D59F /* Notes+CoreDataClass.swift in Sources */ = {isa = PBXBuildFile; fileRef = 09F259B82E4F28F80038D59F /* Notes+CoreDataClass.swift */; };
		09F259BB2E4F28F80038D59F /* Notes+CoreDataProperties.swift in Sources */ = {isa = PBXBuildFile; fileRef = 09F259B92E4F28F80038D59F /* Notes+CoreDataProperties.swift */; };
		09F259BC2E4F28F80038D59F /* Lists+CoreDataClass.swift in Sources */ = {isa = PBXBuildFile; fileRef = 09F259B62E4F28F80038D59F /* Lists+CoreDataClass.swift */; };
		09F259BD2E4F28F80038D59F /* Lists+CoreDataProperties.swift in Sources */ = {isa = PBXBuildFile; fileRef = 09F259B72E4F28F80038D59F /* Lists+CoreDataProperties.swift */; };
		09F25A3B2E524B0C0038D59F /* ListIem+CoreDataClass.swift in Sources */ = {isa = PBXBuildFile; fileRef = 09F25A392E524B0C0038D59F /* ListIem+CoreDataClass.swift */; };
		09F25A3C2E524B0C0038D59F /* ListIem+CoreDataProperties.swift in Sources */ = {isa = PBXBuildFile; fileRef = 09F25A3A2E524B0C0038D59F /* ListIem+CoreDataProperties.swift */; };
/* End PBXBuildFile section */

/* Begin PBXContainerItemProxy section */
		09F259692E4E0FCF0038D59F /* PBXContainerItemProxy */ = {
			isa = PBXContainerItemProxy;
			containerPortal = 09F259472E4E0FCE0038D59F /* Project object */;
			proxyType = 1;
			remoteGlobalIDString = 09F2594E2E4E0FCE0038D59F;
			remoteInfo = Remainder;
		};
		09F259732E4E0FD00038D59F /* PBXContainerItemProxy */ = {
			isa = PBXContainerItemProxy;
			containerPortal = 09F259472E4E0FCE0038D59F /* Project object */;
			proxyType = 1;
			remoteGlobalIDString = 09F2594E2E4E0FCE0038D59F;
			remoteInfo = Remainder;
		};
/* End PBXContainerItemProxy section */

/* Begin PBXFileReference section */
		09F2594F2E4E0FCE0038D59F /* Remainder.app */ = {isa = PBXFileReference; explicitFileType = wrapper.application; includeInIndex = 0; path = Remainder.app; sourceTree = BUILT_PRODUCTS_DIR; };
		09F259682E4E0FCF0038D59F /* RemainderTests.xctest */ = {isa = PBXFileReference; explicitFileType = wrapper.cfbundle; includeInIndex = 0; path = RemainderTests.xctest; sourceTree = BUILT_PRODUCTS_DIR; };
		09F259722E4E0FD00038D59F /* RemainderUITests.xctest */ = {isa = PBXFileReference; explicitFileType = wrapper.cfbundle; includeInIndex = 0; path = RemainderUITests.xctest; sourceTree = BUILT_PRODUCTS_DIR; };
		09F259B62E4F28F80038D59F /* Lists+CoreDataClass.swift */ = {isa = PBXFileReference; lastKnownFileType = sourcecode.swift; path = "Lists+CoreDataClass.swift"; sourceTree = "<group>"; };
		09F259B72E4F28F80038D59F /* Lists+CoreDataProperties.swift */ = {isa = PBXFileReference; lastKnownFileType = sourcecode.swift; path = "Lists+CoreDataProperties.swift"; sourceTree = "<group>"; };
		09F259B82E4F28F80038D59F /* Notes+CoreDataClass.swift */ = {isa = PBXFileReference; lastKnownFileType = sourcecode.swift; path = "Notes+CoreDataClass.swift"; sourceTree = "<group>"; };
		09F259B92E4F28F80038D59F /* Notes+CoreDataProperties.swift */ = {isa = PBXFileReference; lastKnownFileType = sourcecode.swift; path = "Notes+CoreDataProperties.swift"; sourceTree = "<group>"; };
		09F25A302E522F460038D59F /* Remainder.xcodeproj */ = {isa = PBXFileReference; lastKnownFileType = "wrapper.pb-project"; path = Remainder.xcodeproj; sourceTree = SOURCE_ROOT; };
		09F25A392E524B0C0038D59F /* ListIem+CoreDataClass.swift */ = {isa = PBXFileReference; lastKnownFileType = sourcecode.swift; path = "ListIem+CoreDataClass.swift"; sourceTree = "<group>"; };
		09F25A3A2E524B0C0038D59F /* ListIem+CoreDataProperties.swift */ = {isa = PBXFileReference; lastKnownFileType = sourcecode.swift; path = "ListIem+CoreDataProperties.swift"; sourceTree = "<group>"; };
/* End PBXFileReference section */

/* Begin PBXFileSystemSynchronizedBuildFileExceptionSet section */
		09F2597A2E4E0FD00038D59F /* Exceptions for "Remainder" folder in "Remainder" target */ = {
			isa = PBXFileSystemSynchronizedBuildFileExceptionSet;
			membershipExceptions = (
				Info.plist,
			);
			target = 09F2594E2E4E0FCE0038D59F /* Remainder */;
		};
/* End PBXFileSystemSynchronizedBuildFileExceptionSet section */

/* Begin PBXFileSystemSynchronizedRootGroup section */
		09F259512E4E0FCE0038D59F /* Remainder */ = {
			isa = PBXFileSystemSynchronizedRootGroup;
			exceptions = (
				09F2597A2E4E0FD00038D59F /* Exceptions for "Remainder" folder in "Remainder" target */,
			);
			path = Remainder;
			sourceTree = "<group>";
		};
		09F2596B2E4E0FCF0038D59F /* RemainderTests */ = {
			isa = PBXFileSystemSynchronizedRootGroup;
			path = RemainderTests;
			sourceTree = "<group>";
		};
		09F259752E4E0FD00038D59F /* RemainderUITests */ = {
			isa = PBXFileSystemSynchronizedRootGroup;
			path = RemainderUITests;
			sourceTree = "<group>";
		};
/* End PBXFileSystemSynchronizedRootGroup section */

/* Begin PBXFrameworksBuildPhase section */
		09F2594C2E4E0FCE0038D59F /* Frameworks */ = {
			isa = PBXFrameworksBuildPhase;
			buildActionMask = 2147483647;
			files = (
			);
			runOnlyForDeploymentPostprocessing = 0;
		};
		09F259652E4E0FCF0038D59F /* Frameworks */ = {
			isa = PBXFrameworksBuildPhase;
			buildActionMask = 2147483647;
			files = (
			);
			runOnlyForDeploymentPostprocessing = 0;
		};
		09F2596F2E4E0FD00038D59F /* Frameworks */ = {
			isa = PBXFrameworksBuildPhase;
			buildActionMask = 2147483647;
			files = (
			);
			runOnlyForDeploymentPostprocessing = 0;
		};
/* End PBXFrameworksBuildPhase section */

/* Begin PBXGroup section */
		09F259462E4E0FCE0038D59F = {
			isa = PBXGroup;
			children = (
				09F259BE2E4F291F0038D59F /* DataStores */,
				09F259512E4E0FCE0038D59F /* Remainder */,
				09F2596B2E4E0FCF0038D59F /* RemainderTests */,
				09F259752E4E0FD00038D59F /* RemainderUITests */,
				09F259502E4E0FCE0038D59F /* Products */,
				09F25A302E522F460038D59F /* Remainder.xcodeproj */,
			);
			sourceTree = "<group>";
		};
		09F259502E4E0FCE0038D59F /* Products */ = {
			isa = PBXGroup;
			children = (
				09F2594F2E4E0FCE0038D59F /* Remainder.app */,
				09F259682E4E0FCF0038D59F /* RemainderTests.xctest */,
				09F259722E4E0FD00038D59F /* RemainderUITests.xctest */,
			);
			name = Products;
			sourceTree = "<group>";
		};
		09F259BE2E4F291F0038D59F /* DataStores */ = {
			isa = PBXGroup;
			children = (
				09F25A392E524B0C0038D59F /* ListIem+CoreDataClass.swift */,
				09F259B62E4F28F80038D59F /* Lists+CoreDataClass.swift */,
				09F259B72E4F28F80038D59F /* Lists+CoreDataProperties.swift */,
				09F259B82E4F28F80038D59F /* Notes+CoreDataClass.swift */,
				09F259B92E4F28F80038D59F /* Notes+CoreDataProperties.swift */,
				09F25A3A2E524B0C0038D59F /* ListIem+CoreDataProperties.swift */,
			);
			path = DataStores;
			sourceTree = "<group>";
		};
		09F25A772E52AED60038D59F /* Products */ = {
			isa = PBXGroup;
			name = Products;
			sourceTree = "<group>";
		};
/* End PBXGroup section */

/* Begin PBXNativeTarget section */
		09F2594E2E4E0FCE0038D59F /* Remainder */ = {
			isa = PBXNativeTarget;
			buildConfigurationList = 09F2597B2E4E0FD00038D59F /* Build configuration list for PBXNativeTarget "Remainder" */;
			buildPhases = (
				09F2594B2E4E0FCE0038D59F /* Sources */,
				09F2594C2E4E0FCE0038D59F /* Frameworks */,
				09F2594D2E4E0FCE0038D59F /* Resources */,
			);
			buildRules = (
			);
			dependencies = (
			);
			fileSystemSynchronizedGroups = (
				09F259512E4E0FCE0038D59F /* Remainder */,
			);
			name = Remainder;
			packageProductDependencies = (
			);
			productName = Remainder;
			productReference = 09F2594F2E4E0FCE0038D59F /* Remainder.app */;
			productType = "com.apple.product-type.application";
		};
		09F259672E4E0FCF0038D59F /* RemainderTests */ = {
			isa = PBXNativeTarget;
			buildConfigurationList = 09F259802E4E0FD00038D59F /* Build configuration list for PBXNativeTarget "RemainderTests" */;
			buildPhases = (
				09F259642E4E0FCF0038D59F /* Sources */,
				09F259652E4E0FCF0038D59F /* Frameworks */,
				09F259662E4E0FCF0038D59F /* Resources */,
			);
			buildRules = (
			);
			dependencies = (
				09F2596A2E4E0FCF0038D59F /* PBXTargetDependency */,
			);
			fileSystemSynchronizedGroups = (
				09F2596B2E4E0FCF0038D59F /* RemainderTests */,
			);
			name = RemainderTests;
			packageProductDependencies = (
			);
			productName = RemainderTests;
			productReference = 09F259682E4E0FCF0038D59F /* RemainderTests.xctest */;
			productType = "com.apple.product-type.bundle.unit-test";
		};
		09F259712E4E0FD00038D59F /* RemainderUITests */ = {
			isa = PBXNativeTarget;
			buildConfigurationList = 09F259832E4E0FD00038D59F /* Build configuration list for PBXNativeTarget "RemainderUITests" */;
			buildPhases = (
				09F2596E2E4E0FD00038D59F /* Sources */,
				09F2596F2E4E0FD00038D59F /* Frameworks */,
				09F259702E4E0FD00038D59F /* Resources */,
			);
			buildRules = (
			);
			dependencies = (
				09F259742E4E0FD00038D59F /* PBXTargetDependency */,
			);
			fileSystemSynchronizedGroups = (
				09F259752E4E0FD00038D59F /* RemainderUITests */,
			);
			name = RemainderUITests;
			packageProductDependencies = (
			);
			productName = RemainderUITests;
			productReference = 09F259722E4E0FD00038D59F /* RemainderUITests.xctest */;
			productType = "com.apple.product-type.bundle.ui-testing";
		};
/* End PBXNativeTarget section */

/* Begin PBXProject section */
		09F259472E4E0FCE0038D59F /* Project object */ = {
			isa = PBXProject;
			attributes = {
				BuildIndependentTargetsInParallel = 1;
				LastSwiftUpdateCheck = 1640;
				LastUpgradeCheck = 1640;
				TargetAttributes = {
					09F2594E2E4E0FCE0038D59F = {
						CreatedOnToolsVersion = 16.4;
					};
					09F259672E4E0FCF0038D59F = {
						CreatedOnToolsVersion = 16.4;
						TestTargetID = 09F2594E2E4E0FCE0038D59F;
					};
					09F259712E4E0FD00038D59F = {
						CreatedOnToolsVersion = 16.4;
						TestTargetID = 09F2594E2E4E0FCE0038D59F;
					};
				};
			};
			buildConfigurationList = 09F2594A2E4E0FCE0038D59F /* Build configuration list for PBXProject "Remainder" */;
			developmentRegion = en;
			hasScannedForEncodings = 0;
			knownRegions = (
				en,
				Base,
			);
			mainGroup = 09F259462E4E0FCE0038D59F;
			minimizedProjectReferenceProxies = 1;
			preferredProjectObjectVersion = 77;
			productRefGroup = 09F259502E4E0FCE0038D59F /* Products */;
			projectDirPath = "";
			projectReferences = (
				{
					ProductGroup = 09F25A772E52AED60038D59F /* Products */;
					ProjectRef = 09F25A302E522F460038D59F /* Remainder.xcodeproj */;
				},
			);
			projectRoot = "";
			targets = (
				09F2594E2E4E0FCE0038D59F /* Remainder */,
				09F259672E4E0FCF0038D59F /* RemainderTests */,
				09F259712E4E0FD00038D59F /* RemainderUITests */,
			);
		};
/* End PBXProject section */

/* Begin PBXResourcesBuildPhase section */
		09F2594D2E4E0FCE0038D59F /* Resources */ = {
			isa = PBXResourcesBuildPhase;
			buildActionMask = 2147483647;
			files = (
			);
			runOnlyForDeploymentPostprocessing = 0;
		};
		09F259662E4E0FCF0038D59F /* Resources */ = {
			isa = PBXResourcesBuildPhase;
			buildActionMask = 2147483647;
			files = (
			);
			runOnlyForDeploymentPostprocessing = 0;
		};
		09F259702E4E0FD00038D59F /* Resources */ = {
			isa = PBXResourcesBuildPhase;
			buildActionMask = 2147483647;
			files = (
			);
			runOnlyForDeploymentPostprocessing = 0;
		};
/* End PBXResourcesBuildPhase section */

/* Begin PBXSourcesBuildPhase section */
		09F2594B2E4E0FCE0038D59F /* Sources */ = {
			isa = PBXSourcesBuildPhase;
			buildActionMask = 2147483647;
			files = (
				09F259BA2E4F28F80038D59F /* Notes+CoreDataClass.swift in Sources */,
				09F259BB2E4F28F80038D59F /* Notes+CoreDataProperties.swift in Sources */,
				09F259BC2E4F28F80038D59F /* Lists+CoreDataClass.swift in Sources */,
				09F25A3B2E524B0C0038D59F /* ListIem+CoreDataClass.swift in Sources */,
				09F25A3C2E524B0C0038D59F /* ListIem+CoreDataProperties.swift in Sources */,
				09F259BD2E4F28F80038D59F /* Lists+CoreDataProperties.swift in Sources */,
			);
			runOnlyForDeploymentPostprocessing = 0;
		};
		09F259642E4E0FCF0038D59F /* Sources */ = {
			isa = PBXSourcesBuildPhase;
			buildActionMask = 2147483647;
			files = (
			);
			runOnlyForDeploymentPostprocessing = 0;
		};
		09F2596E2E4E0FD00038D59F /* Sources */ = {
			isa = PBXSourcesBuildPhase;
			buildActionMask = 2147483647;
			files = (
			);
			runOnlyForDeploymentPostprocessing = 0;
		};
/* End PBXSourcesBuildPhase section */

/* Begin PBXTargetDependency section */
		09F2596A2E4E0FCF0038D59F /* PBXTargetDependency */ = {
			isa = PBXTargetDependency;
			target = 09F2594E2E4E0FCE0038D59F /* Remainder */;
			targetProxy = 09F259692E4E0FCF0038D59F /* PBXContainerItemProxy */;
		};
		09F259742E4E0FD00038D59F /* PBXTargetDependency */ = {
			isa = PBXTargetDependency;
			target = 09F2594E2E4E0FCE0038D59F /* Remainder */;
			targetProxy = 09F259732E4E0FD00038D59F /* PBXContainerItemProxy */;
		};
/* End PBXTargetDependency section */

/* Begin XCBuildConfiguration section */
		09F2597C2E4E0FD00038D59F /* Debug */ = {
			isa = XCBuildConfiguration;
			buildSettings = {
				ASSETCATALOG_COMPILER_APPICON_NAME = AppIcon;
				ASSETCATALOG_COMPILER_GLOBAL_ACCENT_COLOR_NAME = AccentColor;
				CODE_SIGN_STYLE = Automatic;
				CURRENT_PROJECT_VERSION = 1;
				GENERATE_INFOPLIST_FILE = YES;
				INFOPLIST_FILE = Remainder/Info.plist;
				INFOPLIST_KEY_UIApplicationSupportsIndirectInputEvents = YES;
				INFOPLIST_KEY_UILaunchStoryboardName = LaunchScreen;
				INFOPLIST_KEY_UISupportedInterfaceOrientations_iPad = "UIInterfaceOrientationPortrait UIInterfaceOrientationPortraitUpsideDown UIInterfaceOrientationLandscapeLeft UIInterfaceOrientationLandscapeRight";
				INFOPLIST_KEY_UISupportedInterfaceOrientations_iPhone = "UIInterfaceOrientationPortrait UIInterfaceOrientationLandscapeLeft UIInterfaceOrientationLandscapeRight";
				LD_RUNPATH_SEARCH_PATHS = (
					"$(inherited)",
					"@executable_path/Frameworks",
				);
				MARKETING_VERSION = 1.0;
				PRODUCT_BUNDLE_IDENTIFIER = dinesh.Remainder;
				PRODUCT_NAME = "$(TARGET_NAME)";
				SWIFT_EMIT_LOC_STRINGS = YES;
				SWIFT_VERSION = 5.0;
				TARGETED_DEVICE_FAMILY = "1,2";
			};
			name = Debug;
		};
		09F2597D2E4E0FD00038D59F /* Release */ = {
			isa = XCBuildConfiguration;
			buildSettings = {
				ASSETCATALOG_COMPILER_APPICON_NAME = AppIcon;
				ASSETCATALOG_COMPILER_GLOBAL_ACCENT_COLOR_NAME = AccentColor;
				CODE_SIGN_STYLE = Automatic;
				CURRENT_PROJECT_VERSION = 1;
				GENERATE_INFOPLIST_FILE = YES;
				INFOPLIST_FILE = Remainder/Info.plist;
				INFOPLIST_KEY_UIApplicationSupportsIndirectInputEvents = YES;
				INFOPLIST_KEY_UILaunchStoryboardName = LaunchScreen;
				INFOPLIST_KEY_UISupportedInterfaceOrientations_iPad = "UIInterfaceOrientationPortrait UIInterfaceOrientationPortraitUpsideDown UIInterfaceOrientationLandscapeLeft UIInterfaceOrientationLandscapeRight";
				INFOPLIST_KEY_UISupportedInterfaceOrientations_iPhone = "UIInterfaceOrientationPortrait UIInterfaceOrientationLandscapeLeft UIInterfaceOrientationLandscapeRight";
				LD_RUNPATH_SEARCH_PATHS = (
					"$(inherited)",
					"@executable_path/Frameworks",
				);
				MARKETING_VERSION = 1.0;
				PRODUCT_BUNDLE_IDENTIFIER = dinesh.Remainder;
				PRODUCT_NAME = "$(TARGET_NAME)";
				SWIFT_EMIT_LOC_STRINGS = YES;
				SWIFT_VERSION = 5.0;
				TARGETED_DEVICE_FAMILY = "1,2";
			};
			name = Release;
		};
		09F2597E2E4E0FD00038D59F /* Debug */ = {
			isa = XCBuildConfiguration;
			buildSettings = {
				ALWAYS_SEARCH_USER_PATHS = NO;
				ASSETCATALOG_COMPILER_GENERATE_SWIFT_ASSET_SYMBOL_EXTENSIONS = YES;
				CLANG_ANALYZER_NONNULL = YES;
				CLANG_ANALYZER_NUMBER_OBJECT_CONVERSION = YES_AGGRESSIVE;
				CLANG_CXX_LANGUAGE_STANDARD = "gnu++20";
				CLANG_ENABLE_MODULES = YES;
				CLANG_ENABLE_OBJC_ARC = YES;
				CLANG_ENABLE_OBJC_WEAK = YES;
				CLANG_WARN_BLOCK_CAPTURE_AUTORELEASING = YES;
				CLANG_WARN_BOOL_CONVERSION = YES;
				CLANG_WARN_COMMA = YES;
				CLANG_WARN_CONSTANT_CONVERSION = YES;
				CLANG_WARN_DEPRECATED_OBJC_IMPLEMENTATIONS = YES;
				CLANG_WARN_DIRECT_OBJC_ISA_USAGE = YES_ERROR;
				CLANG_WARN_DOCUMENTATION_COMMENTS = YES;
				CLANG_WARN_EMPTY_BODY = YES;
				CLANG_WARN_ENUM_CONVERSION = YES;
				CLANG_WARN_INFINITE_RECURSION = YES;
				CLANG_WARN_INT_CONVERSION = YES;
				CLANG_WARN_NON_LITERAL_NULL_CONVERSION = YES;
				CLANG_WARN_OBJC_IMPLICIT_RETAIN_SELF = YES;
				CLANG_WARN_OBJC_LITERAL_CONVERSION = YES;
				CLANG_WARN_OBJC_ROOT_CLASS = YES_ERROR;
				CLANG_WARN_QUOTED_INCLUDE_IN_FRAMEWORK_HEADER = YES;
				CLANG_WARN_RANGE_LOOP_ANALYSIS = YES;
				CLANG_WARN_STRICT_PROTOTYPES = YES;
				CLANG_WARN_SUSPICIOUS_MOVE = YES;
				CLANG_WARN_UNGUARDED_AVAILABILITY = YES_AGGRESSIVE;
				CLANG_WARN_UNREACHABLE_CODE = YES;
				CLANG_WARN__DUPLICATE_METHOD_MATCH = YES;
				COPY_PHASE_STRIP = NO;
				DEBUG_INFORMATION_FORMAT = dwarf;
				ENABLE_STRICT_OBJC_MSGSEND = YES;
				ENABLE_TESTABILITY = YES;
				ENABLE_USER_SCRIPT_SANDBOXING = YES;
				GCC_C_LANGUAGE_STANDARD = gnu17;
				GCC_DYNAMIC_NO_PIC = NO;
				GCC_NO_COMMON_BLOCKS = YES;
				GCC_OPTIMIZATION_LEVEL = 0;
				GCC_PREPROCESSOR_DEFINITIONS = (
					"DEBUG=1",
					"$(inherited)",
				);
				GCC_WARN_64_TO_32_BIT_CONVERSION = YES;
				GCC_WARN_ABOUT_RETURN_TYPE = YES_ERROR;
				GCC_WARN_UNDECLARED_SELECTOR = YES;
				GCC_WARN_UNINITIALIZED_AUTOS = YES_AGGRESSIVE;
				GCC_WARN_UNUSED_FUNCTION = YES;
				GCC_WARN_UNUSED_VARIABLE = YES;
				IPHONEOS_DEPLOYMENT_TARGET = 18.5;
				LOCALIZATION_PREFERS_STRING_CATALOGS = YES;
				MTL_ENABLE_DEBUG_INFO = INCLUDE_SOURCE;
				MTL_FAST_MATH = YES;
				ONLY_ACTIVE_ARCH = YES;
				SDKROOT = iphoneos;
				SWIFT_ACTIVE_COMPILATION_CONDITIONS = "DEBUG $(inherited)";
				SWIFT_OPTIMIZATION_LEVEL = "-Onone";
			};
			name = Debug;
		};
		09F2597F2E4E0FD00038D59F /* Release */ = {
			isa = XCBuildConfiguration;
			buildSettings = {
				ALWAYS_SEARCH_USER_PATHS = NO;
				ASSETCATALOG_COMPILER_GENERATE_SWIFT_ASSET_SYMBOL_EXTENSIONS = YES;
				CLANG_ANALYZER_NONNULL = YES;
				CLANG_ANALYZER_NUMBER_OBJECT_CONVERSION = YES_AGGRESSIVE;
				CLANG_CXX_LANGUAGE_STANDARD = "gnu++20";
				CLANG_ENABLE_MODULES = YES;
				CLANG_ENABLE_OBJC_ARC = YES;
				CLANG_ENABLE_OBJC_WEAK = YES;
				CLANG_WARN_BLOCK_CAPTURE_AUTORELEASING = YES;
				CLANG_WARN_BOOL_CONVERSION = YES;
				CLANG_WARN_COMMA = YES;
				CLANG_WARN_CONSTANT_CONVERSION = YES;
				CLANG_WARN_DEPRECATED_OBJC_IMPLEMENTATIONS = YES;
				CLANG_WARN_DIRECT_OBJC_ISA_USAGE = YES_ERROR;
				CLANG_WARN_DOCUMENTATION_COMMENTS = YES;
				CLANG_WARN_EMPTY_BODY = YES;
				CLANG_WARN_ENUM_CONVERSION = YES;
				CLANG_WARN_INFINITE_RECURSION = YES;
				CLANG_WARN_INT_CONVERSION = YES;
				CLANG_WARN_NON_LITERAL_NULL_CONVERSION = YES;
				CLANG_WARN_OBJC_IMPLICIT_RETAIN_SELF = YES;
				CLANG_WARN_OBJC_LITERAL_CONVERSION = YES;
				CLANG_WARN_OBJC_ROOT_CLASS = YES_ERROR;
				CLANG_WARN_QUOTED_INCLUDE_IN_FRAMEWORK_HEADER = YES;
				CLANG_WARN_RANGE_LOOP_ANALYSIS = YES;
				CLANG_WARN_STRICT_PROTOTYPES = YES;
				CLANG_WARN_SUSPICIOUS_MOVE = YES;
				CLANG_WARN_UNGUARDED_AVAILABILITY = YES_AGGRESSIVE;
				CLANG_WARN_UNREACHABLE_CODE = YES;
				CLANG_WARN__DUPLICATE_METHOD_MATCH = YES;
				COPY_PHASE_STRIP = NO;
				DEBUG_INFORMATION_FORMAT = "dwarf-with-dsym";
				ENABLE_NS_ASSERTIONS = NO;
				ENABLE_STRICT_OBJC_MSGSEND = YES;
				ENABLE_USER_SCRIPT_SANDBOXING = YES;
				GCC_C_LANGUAGE_STANDARD = gnu17;
				GCC_NO_COMMON_BLOCKS = YES;
				GCC_WARN_64_TO_32_BIT_CONVERSION = YES;
				GCC_WARN_ABOUT_RETURN_TYPE = YES_ERROR;
				GCC_WARN_UNDECLARED_SELECTOR = YES;
				GCC_WARN_UNINITIALIZED_AUTOS = YES_AGGRESSIVE;
				GCC_WARN_UNUSED_FUNCTION = YES;
				GCC_WARN_UNUSED_VARIABLE = YES;
				IPHONEOS_DEPLOYMENT_TARGET = 18.5;
				LOCALIZATION_PREFERS_STRING_CATALOGS = YES;
				MTL_ENABLE_DEBUG_INFO = NO;
				MTL_FAST_MATH = YES;
				SDKROOT = iphoneos;
				SWIFT_COMPILATION_MODE = wholemodule;
				VALIDATE_PRODUCT = YES;
			};
			name = Release;
		};
		09F259812E4E0FD00038D59F /* Debug */ = {
			isa = XCBuildConfiguration;
			buildSettings = {
				BUNDLE_LOADER = "$(TEST_HOST)";
				CODE_SIGN_STYLE = Automatic;
				CURRENT_PROJECT_VERSION = 1;
				GENERATE_INFOPLIST_FILE = YES;
				IPHONEOS_DEPLOYMENT_TARGET = 18.5;
				MARKETING_VERSION = 1.0;
				PRODUCT_BUNDLE_IDENTIFIER = dinesh.RemainderTests;
				PRODUCT_NAME = "$(TARGET_NAME)";
				SWIFT_EMIT_LOC_STRINGS = NO;
				SWIFT_VERSION = 5.0;
				TARGETED_DEVICE_FAMILY = "1,2";
				TEST_HOST = "$(BUILT_PRODUCTS_DIR)/Remainder.app/$(BUNDLE_EXECUTABLE_FOLDER_PATH)/Remainder";
			};
			name = Debug;
		};
		09F259822E4E0FD00038D59F /* Release */ = {
			isa = XCBuildConfiguration;
			buildSettings = {
				BUNDLE_LOADER = "$(TEST_HOST)";
				CODE_SIGN_STYLE = Automatic;
				CURRENT_PROJECT_VERSION = 1;
				GENERATE_INFOPLIST_FILE = YES;
				IPHONEOS_DEPLOYMENT_TARGET = 18.5;
				MARKETING_VERSION = 1.0;
				PRODUCT_BUNDLE_IDENTIFIER = dinesh.RemainderTests;
				PRODUCT_NAME = "$(TARGET_NAME)";
				SWIFT_EMIT_LOC_STRINGS = NO;
				SWIFT_VERSION = 5.0;
				TARGETED_DEVICE_FAMILY = "1,2";
				TEST_HOST = "$(BUILT_PRODUCTS_DIR)/Remainder.app/$(BUNDLE_EXECUTABLE_FOLDER_PATH)/Remainder";
			};
			name = Release;
		};
		09F259842E4E0FD00038D59F /* Debug */ = {
			isa = XCBuildConfiguration;
			buildSettings = {
				CODE_SIGN_STYLE = Automatic;
				CURRENT_PROJECT_VERSION = 1;
				GENERATE_INFOPLIST_FILE = YES;
				MARKETING_VERSION = 1.0;
				PRODUCT_BUNDLE_IDENTIFIER = dinesh.RemainderUITests;
				PRODUCT_NAME = "$(TARGET_NAME)";
				SWIFT_EMIT_LOC_STRINGS = NO;
				SWIFT_VERSION = 5.0;
				TARGETED_DEVICE_FAMILY = "1,2";
				TEST_TARGET_NAME = Remainder;
			};
			name = Debug;
		};
		09F259852E4E0FD00038D59F /* Release */ = {
			isa = XCBuildConfiguration;
			buildSettings = {
				CODE_SIGN_STYLE = Automatic;
				CURRENT_PROJECT_VERSION = 1;
				GENERATE_INFOPLIST_FILE = YES;
				MARKETING_VERSION = 1.0;
				PRODUCT_BUNDLE_IDENTIFIER = dinesh.RemainderUITests;
				PRODUCT_NAME = "$(TARGET_NAME)";
				SWIFT_EMIT_LOC_STRINGS = NO;
				SWIFT_VERSION = 5.0;
				TARGETED_DEVICE_FAMILY = "1,2";
				TEST_TARGET_NAME = Remainder;
			};
			name = Release;
		};
/* End XCBuildConfiguration section */

/* Begin XCConfigurationList section */
		09F2594A2E4E0FCE0038D59F /* Build configuration list for PBXProject "Remainder" */ = {
			isa = XCConfigurationList;
			buildConfigurations = (
				09F2597E2E4E0FD00038D59F /* Debug */,
				09F2597F2E4E0FD00038D59F /* Release */,
			);
			defaultConfigurationIsVisible = 0;
			defaultConfigurationName = Release;
		};
		09F2597B2E4E0FD00038D59F /* Build configuration list for PBXNativeTarget "Remainder" */ = {
			isa = XCConfigurationList;
			buildConfigurations = (
				09F2597C2E4E0FD00038D59F /* Debug */,
				09F2597D2E4E0FD00038D59F /* Release */,
			);
			defaultConfigurationIsVisible = 0;
			defaultConfigurationName = Release;
		};
		09F259802E4E0FD00038D59F /* Build configuration list for PBXNativeTarget "RemainderTests" */ = {
			isa = XCConfigurationList;
			buildConfigurations = (
				09F259812E4E0FD00038D59F /* Debug */,
				09F259822E4E0FD00038D59F /* Release */,
			);
			defaultConfigurationIsVisible = 0;
			defaultConfigurationName = Release;
		};
		09F259832E4E0FD00038D59F /* Build configuration list for PBXNativeTarget "RemainderUITests" */ = {
			isa = XCConfigurationList;
			buildConfigurations = (
				09F259842E4E0FD00038D59F /* Debug */,
				09F259852E4E0FD00038D59F /* Release */,
			);
			defaultConfigurationIsVisible = 0;
			defaultConfigurationName = Release;
		};
/* End XCConfigurationList section */
	};
	rootObject = 09F259472E4E0FCE0038D59F /* Project object */;
}
